
Microsoft Visual Studio Solution File, Format Version 12.00
# Visual Studio Version 16
VisualStudioVersion = 16.0.30626.31
MinimumVisualStudioVersion = 10.0.40219.1
Project("{9A19103F-16F7-4668-BE54-9A1E7A4F7556}") = "PaymentManagement", "ContactApp\PaymentManagement.csproj", "{F5E3155D-F01D-468F-B3D2-0F5887D34AE0}"
EndProject
Project("{FAE04EC0-301F-11D3-BF4B-00C04F79EFBC}") = "PaymentManagementTests", "PaymentManagementTests\PaymentManagementTests.csproj", "{918B8856-BDE8-4FD6-AD2B-7F030206438E}"
EndProject
Global
	GlobalSection(SolutionConfigurationPlatforms) = preSolution
		Debug|Any CPU = Debug|Any CPU
		Release|Any CPU = Release|Any CPU
	EndGlobalSection
	GlobalSection(ProjectConfigurationPlatforms) = postSolution
		{F5E3155D-F01D-468F-B3D2-0F5887D34AE0}.Debug|Any CPU.ActiveCfg = Debug|Any CPU
		{F5E3155D-F01D-468F-B3D2-0F5887D34AE0}.Debug|Any CPU.Build.0 = Debug|Any CPU
		{F5E3155D-F01D-468F-B3D2-0F5887D34AE0}.Release|Any CPU.ActiveCfg = Release|Any CPU
		{F5E3155D-F01D-468F-B3D2-0F5887D34AE0}.Release|Any CPU.Build.0 = Release|Any CPU
		{918B8856-BDE8-4FD6-AD2B-7F030206438E}.Debug|Any CPU.ActiveCfg = Debug|Any CPU
		{918B8856-BDE8-4FD6-AD2B-7F030206438E}.Debug|Any CPU.Build.0 = Debug|Any CPU
		{918B8856-BDE8-4FD6-AD2B-7F030206438E}.Release|Any CPU.ActiveCfg = Release|Any CPU
		{918B8856-BDE8-4FD6-AD2B-7F030206438E}.Release|Any CPU.Build.0 = Release|Any CPU
	EndGlobalSection
	GlobalSection(SolutionProperties) = preSolution
		HideSolutionNode = FALSE
	EndGlobalSection
	GlobalSection(ExtensibilityGlobals) = postSolution
		SolutionGuid = {7CA43D32-E691-47F1-BF9D-1F518E5965D6}
	EndGlobalSection
EndGlobal
