
Microsoft Visual Studio Solution File, Format Version 12.00
# Visual Studio Version 16
VisualStudioVersion = 16.0.30626.31
MinimumVisualStudioVersion = 10.0.40219.1
Project("{9A19103F-16F7-4668-BE54-9A1E7A4F7556}") = "FraudPredictor", "FraudPredictor\FraudPredictor.csproj", "{938ADF46-FA95-437F-92B7-B591119B5BA3}"
EndProject
Project("{9A19103F-16F7-4668-BE54-9A1E7A4F7556}") = "FraudPredictorML.Model", "FraudPredictorML.Model\FraudPredictorML.Model.csproj", "{4676F6DA-D2A3-4EF7-8EE3-1ACB5D633F51}"
EndProject
Project("{9A19103F-16F7-4668-BE54-9A1E7A4F7556}") = "FraudPredictorML.ConsoleApp", "FraudPredictorML.ConsoleApp\FraudPredictorML.ConsoleApp.csproj", "{56F604CB-C013-4DF6-B6EA-47E75A2DE20B}"
EndProject
Project("{FAE04EC0-301F-11D3-BF4B-00C04F79EFBC}") = "FraudPredictorTests", "FraudPredictorTests\FraudPredictorTests.csproj", "{A477CB81-3FCE-4C6D-A6F7-7A56641C66DA}"
EndProject
Global
	GlobalSection(SolutionConfigurationPlatforms) = preSolution
		Debug|Any CPU = Debug|Any CPU
		Release|Any CPU = Release|Any CPU
	EndGlobalSection
	GlobalSection(ProjectConfigurationPlatforms) = postSolution
		{938ADF46-FA95-437F-92B7-B591119B5BA3}.Debug|Any CPU.ActiveCfg = Debug|Any CPU
		{938ADF46-FA95-437F-92B7-B591119B5BA3}.Debug|Any CPU.Build.0 = Debug|Any CPU
		{938ADF46-FA95-437F-92B7-B591119B5BA3}.Release|Any CPU.ActiveCfg = Release|Any CPU
		{938ADF46-FA95-437F-92B7-B591119B5BA3}.Release|Any CPU.Build.0 = Release|Any CPU
		{4676F6DA-D2A3-4EF7-8EE3-1ACB5D633F51}.Debug|Any CPU.ActiveCfg = Debug|Any CPU
		{4676F6DA-D2A3-4EF7-8EE3-1ACB5D633F51}.Debug|Any CPU.Build.0 = Debug|Any CPU
		{4676F6DA-D2A3-4EF7-8EE3-1ACB5D633F51}.Release|Any CPU.ActiveCfg = Release|Any CPU
		{4676F6DA-D2A3-4EF7-8EE3-1ACB5D633F51}.Release|Any CPU.Build.0 = Release|Any CPU
		{56F604CB-C013-4DF6-B6EA-47E75A2DE20B}.Debug|Any CPU.ActiveCfg = Debug|Any CPU
		{56F604CB-C013-4DF6-B6EA-47E75A2DE20B}.Debug|Any CPU.Build.0 = Debug|Any CPU
		{56F604CB-C013-4DF6-B6EA-47E75A2DE20B}.Release|Any CPU.ActiveCfg = Release|Any CPU
		{56F604CB-C013-4DF6-B6EA-47E75A2DE20B}.Release|Any CPU.Build.0 = Release|Any CPU
		{A477CB81-3FCE-4C6D-A6F7-7A56641C66DA}.Debug|Any CPU.ActiveCfg = Debug|Any CPU
		{A477CB81-3FCE-4C6D-A6F7-7A56641C66DA}.Debug|Any CPU.Build.0 = Debug|Any CPU
		{A477CB81-3FCE-4C6D-A6F7-7A56641C66DA}.Release|Any CPU.ActiveCfg = Release|Any CPU
		{A477CB81-3FCE-4C6D-A6F7-7A56641C66DA}.Release|Any CPU.Build.0 = Release|Any CPU
	EndGlobalSection
	GlobalSection(SolutionProperties) = preSolution
		HideSolutionNode = FALSE
	EndGlobalSection
	GlobalSection(ExtensibilityGlobals) = postSolution
		SolutionGuid = {2E9B947C-E9F2-4D19-9816-71B500C1D8D3}
	EndGlobalSection
EndGlobal
